github.com/Arch-4ng3l/LoginSystem v0.0.0-20231024141728-703ef7c27460 h1:gITbk+okR8xONkFf+AdU/bR5T0r2LCrI/SW+ZfmBFSw=
github.com/Arch-4ng3l/LoginSystem v0.0.0-20231024141728-703ef7c27460/go.mod h1:8lGlQzvH3jeHTPLMeAXoTWYFSYI3IWzxPK6HtyAhUZM=
github.com/Arch-4ng3l/LoginSystem v0.0.0-20231026033735-9c0613f85374 h1:cswFybco1KKnWUHGbHLLghS7pBnzCMKIcW/fMFbmp7w=
github.com/Arch-4ng3l/LoginSystem v0.0.0-20231026033735-9c0613f85374/go.mod h1:8lGlQzvH3jeHTPLMeAXoTWYFSYI3IWzxPK6HtyAhUZM=
github.com/Arch-4ng3l/LoginSystem v0.0.0-20231026040120-81031cdb99d3 h1:NVJMWQtBnsVaGW9qcMMVg+YHCQNnsCFxG7gMDvzpUuA=
github.com/Arch-4ng3l/LoginSystem v0.0.0-20231026040120-81031cdb99d3/go.mod h1:8lGlQzvH3jeHTPLMeAXoTWYFSYI3IWzxPK6HtyAhUZM=
github.com/Arch-4ng3l/LoginSystem v0.0.0-20231028173528-acd273584433 h1:U4wODx/u+1mOKHlu7r4GAcQU0RzVCCiUNjiG0dvb2gs=
github.com/Arch-4ng3l/LoginSystem v0.0.0-20231028173528-acd273584433/go.mod h1:8lGlQzvH3jeHTPLMeAXoTWYFSYI3IWzxPK6HtyAhUZM=
github.com/Arch-4ng3l/LoginSystem v0.0.0-20231029042603-61066f1519f2 h1:jJw3rXThKPkbR10aqxMpcshmALDd52TDm+pKaqC1hPg=
github.com/Arch-4ng3l/LoginSystem v0.0.0-20231029042603-61066f1519f2/go.mod h1:8lGlQzvH3jeHTPLMeAXoTWYFSYI3IWzxPK6HtyAhUZM=
github.com/Arch-4ng3l/LoginSystem v0.0.0-20231029064050-282715ae8911 h1:Av5BKJ+4Dtx/RP4orSdku70hQoUfuHJxlDA42ziQaqY=
github.com/Arch-4ng3l/LoginSystem v0.0.0-20231029064050-282715ae8911/go.mod h1:8lGlQzvH3jeHTPLMeAXoTWYFSYI3IWzxPK6HtyAhUZM=
github.com/Arch-4ng3l/LoginSystem v0.0.0-20231123161212-64b55220a1c5 h1:kyp9cl+/36kJIvkT7mKxlocKF4RPffMHiYfNuknUgaA=
github.com/Arch-4ng3l/LoginSystem v0.0.0-20231123161212-64b55220a1c5/go.mod h1:8lGlQzvH3jeHTPLMeAXoTWYFSYI3IWzxPK6HtyAhUZM=
github.com/TwiN/go-color v1.4.1 h1:mqG0P/KBgHKVqmtL5ye7K0/Gr4l6hTksPgTgMk3mUzc=
github.com/TwiN/go-color v1.4.1/go.mod h1:WcPf/jtiW95WBIsEeY1Lc/b8aaWoiqQpu5cf8WFxu+s=
github.com/fatih/color v1.15.0 h1:kOqh6YHBtK8aywxGerMG2Eq3H6Qgoqeo13Bk2Mv/nBs=
github.com/fatih/color v1.15.0/go.mod h1:0h5ZqXfHYED7Bhv2ZJamyIOUej9KtShiJESRwBDUSsw=
github.com/golang-jwt/jwt/v5 v5.0.0 h1:1n1XNM9hk7O9mnQoNBGolZvzebBQ7p93ULHRc28XJUE=
github.com/golang-jwt/jwt/v5 v5.0.0/go.mod h1:pqrtFR0X4osieyHYxtmOUWsAWrfe1Q5UVIyoH402zdk=
github.com/gorilla/websocket v1.5.0 h1:PPwGk2jz7EePpoHN/+ClbZu8SPxiqlu12wZP/3sWmnc=
github.com/gorilla/websocket v1.5.0/go.mod h1:YR8l580nyteQvAITg2hZ9XVh4b55+EU/adAjf1fMHhE=
github.com/mattn/go-colorable v0.1.13 h1:fFA4WZxdEF4tXPZVKMLwD8oUnCTTo08duU7wxecdEvA=
github.com/mattn/go-colorable v0.1.13/go.mod h1:7S9/ev0klgBDR4GtXTXX8a3vIGJpMovkB8vQcUbaXHg=
github.com/mattn/go-isatty v0.0.16/go.mod h1:kYGgaQfpe5nmfYZH+SKPsOc2e4SrIfOl2e/yFXSvRLM=
github.com/mattn/go-isatty v0.0.17 h1:BTarxUcIeDqL27Mc+vyvdWYSL28zpIhv3RoTdsLMPng=
github.com/mattn/go-isatty v0.0.17/go.mod h1:kYGgaQfpe5nmfYZH+SKPsOc2e4SrIfOl2e/yFXSvRLM=
github.com/mattn/go-sqlite3 v1.14.17 h1:mCRHCLDUBXgpKAqIKsaAaAsrAlbkeomtRFKXh2L6YIM=
github.com/mattn/go-sqlite3 v1.14.17/go.mod h1:2eHXhiwb8IkHr+BDWZGa96P6+rkvnG63S2DGjv9HUNg=
golang.org/x/sys v0.0.0-20220811171246-fbc7d0a398ab/go.mod h1:oPkhp1MJrh7nUepCBck5+mAzfO9JrbApNNgaTdGDITg=
golang.org/x/sys v0.6.0 h1:MVltZSvRTcU2ljQOhs94SXPftV6DCNnZViHeQps87pQ=
golang.org/x/sys v0.6.0/go.mod h1:oPkhp1MJrh7nUepCBck5+mAzfO9JrbApNNgaTdGDITg=
